
Microsoft Visual Studio Solution File, Format Version 12.00
# Visual Studio Version 17
VisualStudioVersion = 17.5.33414.496
MinimumVisualStudioVersion = 10.0.40219.1
Project("{FAE04EC0-301F-11D3-BF4B-00C04F79EFBC}") = "MyPizza.Web", "src\MyPizza.Web\MyPizza.Web.csproj", "{BEF84A2F-75CE-408C-925F-BD51B1DBC92D}"
EndProject
Project("{FAE04EC0-301F-11D3-BF4B-00C04F79EFBC}") = "MyPizza.ApplicationCore", "src\MyPizza.ApplicationCore\MyPizza.ApplicationCore.csproj", "{F3A972DF-3BDF-41FB-88B3-63664346E3A5}"
EndProject
Project("{FAE04EC0-301F-11D3-BF4B-00C04F79EFBC}") = "MyPizza.Infrastructure", "src\MyPizza.Infrastructure\MyPizza.Infrastructure.csproj", "{035DDDFC-1B5E-4FA1-A021-9A6D1C6D3799}"
EndProject
Global
	GlobalSection(SolutionConfigurationPlatforms) = preSolution
		Debug|Any CPU = Debug|Any CPU
		Release|Any CPU = Release|Any CPU
	EndGlobalSection
	GlobalSection(ProjectConfigurationPlatforms) = postSolution
		{BEF84A2F-75CE-408C-925F-BD51B1DBC92D}.Debug|Any CPU.ActiveCfg = Debug|Any CPU
		{BEF84A2F-75CE-408C-925F-BD51B1DBC92D}.Debug|Any CPU.Build.0 = Debug|Any CPU
		{BEF84A2F-75CE-408C-925F-BD51B1DBC92D}.Release|Any CPU.ActiveCfg = Release|Any CPU
		{BEF84A2F-75CE-408C-925F-BD51B1DBC92D}.Release|Any CPU.Build.0 = Release|Any CPU
		{F3A972DF-3BDF-41FB-88B3-63664346E3A5}.Debug|Any CPU.ActiveCfg = Debug|Any CPU
		{F3A972DF-3BDF-41FB-88B3-63664346E3A5}.Debug|Any CPU.Build.0 = Debug|Any CPU
		{F3A972DF-3BDF-41FB-88B3-63664346E3A5}.Release|Any CPU.ActiveCfg = Release|Any CPU
		{F3A972DF-3BDF-41FB-88B3-63664346E3A5}.Release|Any CPU.Build.0 = Release|Any CPU
		{035DDDFC-1B5E-4FA1-A021-9A6D1C6D3799}.Debug|Any CPU.ActiveCfg = Debug|Any CPU
		{035DDDFC-1B5E-4FA1-A021-9A6D1C6D3799}.Debug|Any CPU.Build.0 = Debug|Any CPU
		{035DDDFC-1B5E-4FA1-A021-9A6D1C6D3799}.Release|Any CPU.ActiveCfg = Release|Any CPU
		{035DDDFC-1B5E-4FA1-A021-9A6D1C6D3799}.Release|Any CPU.Build.0 = Release|Any CPU
	EndGlobalSection
	GlobalSection(SolutionProperties) = preSolution
		HideSolutionNode = FALSE
	EndGlobalSection
	GlobalSection(ExtensibilityGlobals) = postSolution
		SolutionGuid = {5310DCFC-4C95-4381-AE9A-0E8BE821C8F3}
	EndGlobalSection
EndGlobal
